// !$*UTF8*$!
{
	archiveVersion = 1;
	classes = {
	};
	objectVersion = 56;
	objects = {

/* Begin PBXBuildFile section */
		3285C7C52AE8FADF00CD623E /* AppDelegate.m in Sources */ = {isa = PBXBuildFile; fileRef = 3285C7C42AE8FADF00CD623E /* AppDelegate.m */; };
		3285C7C82AE8FADF00CD623E /* SceneDelegate.m in Sources */ = {isa = PBXBuildFile; fileRef = 3285C7C72AE8FADF00CD623E /* SceneDelegate.m */; };
		3285C7CB2AE8FADF00CD623E /* ViewController.m in Sources */ = {isa = PBXBuildFile; fileRef = 3285C7CA2AE8FADF00CD623E /* ViewController.m */; };
		3285C7CE2AE8FADF00CD623E /* Main.storyboard in Resources */ = {isa = PBXBuildFile; fileRef = 3285C7CC2AE8FADF00CD623E /* Main.storyboard */; };
		3285C7D02AE8FAE000CD623E /* Assets.xcassets in Resources */ = {isa = PBXBuildFile; fileRef = 3285C7CF2AE8FAE000CD623E /* Assets.xcassets */; };
		3285C7D32AE8FAE000CD623E /* LaunchScreen.storyboard in Resources */ = {isa = PBXBuildFile; fileRef = 3285C7D12AE8FAE000CD623E /* LaunchScreen.storyboard */; };
		3285C7D62AE8FAE000CD623E /* main.m in Sources */ = {isa = PBXBuildFile; fileRef = 3285C7D52AE8FAE000CD623E /* main.m */; };
		3285C7DF2AE8FB3F00CD623E /* HTTPService.m in Sources */ = {isa = PBXBuildFile; fileRef = 3285C7DE2AE8FB3F00CD623E /* HTTPService.m */; };
		32C5422E2AEA090B0025E925 /* VideoCell.m in Sources */ = {isa = PBXBuildFile; fileRef = 32C5422D2AEA090B0025E925 /* VideoCell.m */; };
		32C542322AEA0DD90025E925 /* Video.m in Sources */ = {isa = PBXBuildFile; fileRef = 32C542312AEA0DD90025E925 /* Video.m */; };
		32C542362AEA4BE60025E925 /* VideoVC.m in Sources */ = {isa = PBXBuildFile; fileRef = 32C542352AEA4BE60025E925 /* VideoVC.m */; };
		32C542392AEA52890025E925 /* WebKit.framework in Frameworks */ = {isa = PBXBuildFile; fileRef = 32C542382AEA52890025E925 /* WebKit.framework */; };
/* End PBXBuildFile section */

/* Begin PBXFileReference section */
		3285C7C02AE8FADF00CD623E /* MyOCApp.app */ = {isa = PBXFileReference; explicitFileType = wrapper.application; includeInIndex = 0; path = MyOCApp.app; sourceTree = BUILT_PRODUCTS_DIR; };
		3285C7C32AE8FADF00CD623E /* AppDelegate.h */ = {isa = PBXFileReference; lastKnownFileType = sourcecode.c.h; path = AppDelegate.h; sourceTree = "<group>"; };
		3285C7C42AE8FADF00CD623E /* AppDelegate.m */ = {isa = PBXFileReference; lastKnownFileType = sourcecode.c.objc; path = AppDelegate.m; sourceTree = "<group>"; };
		3285C7C62AE8FADF00CD623E /* SceneDelegate.h */ = {isa = PBXFileReference; lastKnownFileType = sourcecode.c.h; path = SceneDelegate.h; sourceTree = "<group>"; };
		3285C7C72AE8FADF00CD623E /* SceneDelegate.m */ = {isa = PBXFileReference; lastKnownFileType = sourcecode.c.objc; path = SceneDelegate.m; sourceTree = "<group>"; };
		3285C7C92AE8FADF00CD623E /* ViewController.h */ = {isa = PBXFileReference; lastKnownFileType = sourcecode.c.h; path = ViewController.h; sourceTree = "<group>"; };
		3285C7CA2AE8FADF00CD623E /* ViewController.m */ = {isa = PBXFileReference; lastKnownFileType = sourcecode.c.objc; path = ViewController.m; sourceTree = "<group>"; };
		3285C7CD2AE8FADF00CD623E /* Base */ = {isa = PBXFileReference; lastKnownFileType = file.storyboard; name = Base; path = Base.lproj/Main.storyboard; sourceTree = "<group>"; };
		3285C7CF2AE8FAE000CD623E /* Assets.xcassets */ = {isa = PBXFileReference; lastKnownFileType = folder.assetcatalog; path = Assets.xcassets; sourceTree = "<group>"; };
		3285C7D22AE8FAE000CD623E /* Base */ = {isa = PBXFileReference; lastKnownFileType = file.storyboard; name = Base; path = Base.lproj/LaunchScreen.storyboard; sourceTree = "<group>"; };
		3285C7D42AE8FAE000CD623E /* Info.plist */ = {isa = PBXFileReference; lastKnownFileType = text.plist.xml; path = Info.plist; sourceTree = "<group>"; };
		3285C7D52AE8FAE000CD623E /* main.m */ = {isa = PBXFileReference; lastKnownFileType = sourcecode.c.objc; path = main.m; sourceTree = "<group>"; };
		3285C7DD2AE8FB3F00CD623E /* HTTPService.h */ = {isa = PBXFileReference; lastKnownFileType = sourcecode.c.h; path = HTTPService.h; sourceTree = "<group>"; };
		3285C7DE2AE8FB3F00CD623E /* HTTPService.m */ = {isa = PBXFileReference; lastKnownFileType = sourcecode.c.objc; path = HTTPService.m; sourceTree = "<group>"; };
		32C5422C2AEA090B0025E925 /* VideoCell.h */ = {isa = PBXFileReference; lastKnownFileType = sourcecode.c.h; path = VideoCell.h; sourceTree = "<group>"; };
		32C5422D2AEA090B0025E925 /* VideoCell.m */ = {isa = PBXFileReference; lastKnownFileType = sourcecode.c.objc; path = VideoCell.m; sourceTree = "<group>"; };
		32C542302AEA0DD90025E925 /* Video.h */ = {isa = PBXFileReference; lastKnownFileType = sourcecode.c.h; path = Video.h; sourceTree = "<group>"; };
		32C542312AEA0DD90025E925 /* Video.m */ = {isa = PBXFileReference; lastKnownFileType = sourcecode.c.objc; path = Video.m; sourceTree = "<group>"; };
		32C542342AEA4BE60025E925 /* VideoVC.h */ = {isa = PBXFileReference; lastKnownFileType = sourcecode.c.h; path = VideoVC.h; sourceTree = "<group>"; };
		32C542352AEA4BE60025E925 /* VideoVC.m */ = {isa = PBXFileReference; lastKnownFileType = sourcecode.c.objc; path = VideoVC.m; sourceTree = "<group>"; };
		32C542382AEA52890025E925 /* WebKit.framework */ = {isa = PBXFileReference; lastKnownFileType = wrapper.framework; name = WebKit.framework; path = System/Library/Frameworks/WebKit.framework; sourceTree = SDKROOT; };
/* End PBXFileReference section */

/* Begin PBXFrameworksBuildPhase section */
		3285C7BD2AE8FADF00CD623E /* Frameworks */ = {
			isa = PBXFrameworksBuildPhase;
			buildActionMask = 2147483647;
			files = (
				32C542392AEA52890025E925 /* WebKit.framework in Frameworks */,
			);
			runOnlyForDeploymentPostprocessing = 0;
		};
/* End PBXFrameworksBuildPhase section */

/* Begin PBXGroup section */
		3285C7B72AE8FADF00CD623E = {
			isa = PBXGroup;
			children = (
				3285C7C22AE8FADF00CD623E /* MyOCApp */,
				3285C7C12AE8FADF00CD623E /* Products */,
				32C542372AEA52890025E925 /* Frameworks */,
			);
			sourceTree = "<group>";
		};
		3285C7C12AE8FADF00CD623E /* Products */ = {
			isa = PBXGroup;
			children = (
				3285C7C02AE8FADF00CD623E /* MyOCApp.app */,
			);
			name = Products;
			sourceTree = "<group>";
		};
		3285C7C22AE8FADF00CD623E /* MyOCApp */ = {
			isa = PBXGroup;
			children = (
				32C542332AEA4BB50025E925 /* Controller */,
				32C5422F2AEA0DB90025E925 /* Model */,
				32C5422B2AEA08E20025E925 /* View */,
				3285C7DC2AE8FB0F00CD623E /* Services */,
				3285C7C32AE8FADF00CD623E /* AppDelegate.h */,
				3285C7C42AE8FADF00CD623E /* AppDelegate.m */,
				3285C7C62AE8FADF00CD623E /* SceneDelegate.h */,
				3285C7C72AE8FADF00CD623E /* SceneDelegate.m */,
				3285C7CC2AE8FADF00CD623E /* Main.storyboard */,
				3285C7CF2AE8FAE000CD623E /* Assets.xcassets */,
				3285C7D12AE8FAE000CD623E /* LaunchScreen.storyboard */,
				3285C7D42AE8FAE000CD623E /* Info.plist */,
				3285C7D52AE8FAE000CD623E /* main.m */,
			);
			path = MyOCApp;
			sourceTree = "<group>";
		};
		3285C7DC2AE8FB0F00CD623E /* Services */ = {
			isa = PBXGroup;
			children = (
				3285C7DD2AE8FB3F00CD623E /* HTTPService.h */,
				3285C7DE2AE8FB3F00CD623E /* HTTPService.m */,
			);
			path = Services;
			sourceTree = "<group>";
		};
		32C5422B2AEA08E20025E925 /* View */ = {
			isa = PBXGroup;
			children = (
				32C5422C2AEA090B0025E925 /* VideoCell.h */,
				32C5422D2AEA090B0025E925 /* VideoCell.m */,
			);
			path = View;
			sourceTree = "<group>";
		};
		32C5422F2AEA0DB90025E925 /* Model */ = {
			isa = PBXGroup;
			children = (
				32C542302AEA0DD90025E925 /* Video.h */,
				32C542312AEA0DD90025E925 /* Video.m */,
			);
			path = Model;
			sourceTree = "<group>";
		};
		32C542332AEA4BB50025E925 /* Controller */ = {
			isa = PBXGroup;
			children = (
				3285C7C92AE8FADF00CD623E /* ViewController.h */,
				3285C7CA2AE8FADF00CD623E /* ViewController.m */,
				32C542342AEA4BE60025E925 /* VideoVC.h */,
				32C542352AEA4BE60025E925 /* VideoVC.m */,
			);
			path = Controller;
			sourceTree = "<group>";
		};
		32C542372AEA52890025E925 /* Frameworks */ = {
			isa = PBXGroup;
			children = (
				32C542382AEA52890025E925 /* WebKit.framework */,
			);
			name = Frameworks;
			sourceTree = "<group>";
		};
/* End PBXGroup section */

/* Begin PBXNativeTarget section */
		3285C7BF2AE8FADF00CD623E /* MyOCApp */ = {
			isa = PBXNativeTarget;
			buildConfigurationList = 3285C7D92AE8FAE000CD623E /* Build configuration list for PBXNativeTarget "MyOCApp" */;
			buildPhases = (
				3285C7BC2AE8FADF00CD623E /* Sources */,
				3285C7BD2AE8FADF00CD623E /* Frameworks */,
				3285C7BE2AE8FADF00CD623E /* Resources */,
			);
			buildRules = (
			);
			dependencies = (
			);
			name = MyOCApp;
			productName = MyOCApp;
			productReference = 3285C7C02AE8FADF00CD623E /* MyOCApp.app */;
			productType = "com.apple.product-type.application";
		};
/* End PBXNativeTarget section */

/* Begin PBXProject section */
		3285C7B82AE8FADF00CD623E /* Project object */ = {
			isa = PBXProject;
			attributes = {
				BuildIndependentTargetsInParallel = 1;
				LastUpgradeCheck = 1430;
				TargetAttributes = {
					3285C7BF2AE8FADF00CD623E = {
						CreatedOnToolsVersion = 14.3.1;
					};
				};
			};
			buildConfigurationList = 3285C7BB2AE8FADF00CD623E /* Build configuration list for PBXProject "MyOCApp" */;
			compatibilityVersion = "Xcode 14.0";
			developmentRegion = en;
			hasScannedForEncodings = 0;
			knownRegions = (
				en,
				Base,
			);
			mainGroup = 3285C7B72AE8FADF00CD623E;
			productRefGroup = 3285C7C12AE8FADF00CD623E /* Products */;
			projectDirPath = "";
			projectRoot = "";
			targets = (
				3285C7BF2AE8FADF00CD623E /* MyOCApp */,
			);
		};
/* End PBXProject section */

/* Begin PBXResourcesBuildPhase section */
		3285C7BE2AE8FADF00CD623E /* Resources */ = {
			isa = PBXResourcesBuildPhase;
			buildActionMask = 2147483647;
			files = (
				3285C7D32AE8FAE000CD623E /* LaunchScreen.storyboard in Resources */,
				3285C7D02AE8FAE000CD623E /* Assets.xcassets in Resources */,
				3285C7CE2AE8FADF00CD623E /* Main.storyboard in Resources */,
			);
			runOnlyForDeploymentPostprocessing = 0;
		};
/* End PBXResourcesBuildPhase section */

/* Begin PBXSourcesBuildPhase section */
		3285C7BC2AE8FADF00CD623E /* Sources */ = {
			isa = PBXSourcesBuildPhase;
			buildActionMask = 2147483647;
			files = (
				3285C7CB2AE8FADF00CD623E /* ViewController.m in Sources */,
				32C5422E2AEA090B0025E925 /* VideoCell.m in Sources */,
				3285C7DF2AE8FB3F00CD623E /* HTTPService.m in Sources */,
				3285C7C52AE8FADF00CD623E /* AppDelegate.m in Sources */,
				32C542362AEA4BE60025E925 /* VideoVC.m in Sources */,
				3285C7D62AE8FAE000CD623E /* main.m in Sources */,
				3285C7C82AE8FADF00CD623E /* SceneDelegate.m in Sources */,
				32C542322AEA0DD90025E925 /* Video.m in Sources */,
			);
			runOnlyForDeploymentPostprocessing = 0;
		};
/* End PBXSourcesBuildPhase section */

/* Begin PBXVariantGroup section */
		3285C7CC2AE8FADF00CD623E /* Main.storyboard */ = {
			isa = PBXVariantGroup;
			children = (
				3285C7CD2AE8FADF00CD623E /* Base */,
			);
			name = Main.storyboard;
			sourceTree = "<group>";
		};
		3285C7D12AE8FAE000CD623E /* LaunchScreen.storyboard */ = {
			isa = PBXVariantGroup;
			children = (
				3285C7D22AE8FAE000CD623E /* Base */,
			);
			name = LaunchScreen.storyboard;
			sourceTree = "<group>";
		};
/* End PBXVariantGroup section */

/* Begin XCBuildConfiguration section */
		3285C7D72AE8FAE000CD623E /* Debug */ = {
			isa = XCBuildConfiguration;
			buildSettings = {
				ALWAYS_SEARCH_USER_PATHS = NO;
				CLANG_ANALYZER_NONNULL = YES;
				CLANG_ANALYZER_NUMBER_OBJECT_CONVERSION = YES_AGGRESSIVE;
				CLANG_CXX_LANGUAGE_STANDARD = "gnu++20";
				CLANG_ENABLE_MODULES = YES;
				CLANG_ENABLE_OBJC_ARC = YES;
				CLANG_ENABLE_OBJC_WEAK = YES;
				CLANG_WARN_BLOCK_CAPTURE_AUTORELEASING = YES;
				CLANG_WARN_BOOL_CONVERSION = YES;
				CLANG_WARN_COMMA = YES;
				CLANG_WARN_CONSTANT_CONVERSION = YES;
				CLANG_WARN_DEPRECATED_OBJC_IMPLEMENTATIONS = YES;
				CLANG_WARN_DIRECT_OBJC_ISA_USAGE = YES_ERROR;
				CLANG_WARN_DOCUMENTATION_COMMENTS = YES;
				CLANG_WARN_EMPTY_BODY = YES;
				CLANG_WARN_ENUM_CONVERSION = YES;
				CLANG_WARN_INFINITE_RECURSION = YES;
				CLANG_WARN_INT_CONVERSION = YES;
				CLANG_WARN_NON_LITERAL_NULL_CONVERSION = YES;
				CLANG_WARN_OBJC_IMPLICIT_RETAIN_SELF = YES;
				CLANG_WARN_OBJC_LITERAL_CONVERSION = YES;
				CLANG_WARN_OBJC_ROOT_CLASS = YES_ERROR;
				CLANG_WARN_QUOTED_INCLUDE_IN_FRAMEWORK_HEADER = YES;
				CLANG_WARN_RANGE_LOOP_ANALYSIS = YES;
				CLANG_WARN_STRICT_PROTOTYPES = YES;
				CLANG_WARN_SUSPICIOUS_MOVE = YES;
				CLANG_WARN_UNGUARDED_AVAILABILITY = YES_AGGRESSIVE;
				CLANG_WARN_UNREACHABLE_CODE = YES;
				CLANG_WARN__DUPLICATE_METHOD_MATCH = YES;
				COPY_PHASE_STRIP = NO;
				DEBUG_INFORMATION_FORMAT = dwarf;
				ENABLE_STRICT_OBJC_MSGSEND = YES;
				ENABLE_TESTABILITY = YES;
				GCC_C_LANGUAGE_STANDARD = gnu11;
				GCC_DYNAMIC_NO_PIC = NO;
				GCC_NO_COMMON_BLOCKS = YES;
				GCC_OPTIMIZATION_LEVEL = 0;
				GCC_PREPROCESSOR_DEFINITIONS = (
					"DEBUG=1",
					"$(inherited)",
				);
				GCC_WARN_64_TO_32_BIT_CONVERSION = YES;
				GCC_WARN_ABOUT_RETURN_TYPE = YES_ERROR;
				GCC_WARN_UNDECLARED_SELECTOR = YES;
				GCC_WARN_UNINITIALIZED_AUTOS = YES_AGGRESSIVE;
				GCC_WARN_UNUSED_FUNCTION = YES;
				GCC_WARN_UNUSED_VARIABLE = YES;
				IPHONEOS_DEPLOYMENT_TARGET = 16.4;
				MTL_ENABLE_DEBUG_INFO = INCLUDE_SOURCE;
				MTL_FAST_MATH = YES;
				ONLY_ACTIVE_ARCH = YES;
				SDKROOT = iphoneos;
			};
			name = Debug;
		};
		3285C7D82AE8FAE000CD623E /* Release */ = {
			isa = XCBuildConfiguration;
			buildSettings = {
				ALWAYS_SEARCH_USER_PATHS = NO;
				CLANG_ANALYZER_NONNULL = YES;
				CLANG_ANALYZER_NUMBER_OBJECT_CONVERSION = YES_AGGRESSIVE;
				CLANG_CXX_LANGUAGE_STANDARD = "gnu++20";
				CLANG_ENABLE_MODULES = YES;
				CLANG_ENABLE_OBJC_ARC = YES;
				CLANG_ENABLE_OBJC_WEAK = YES;
				CLANG_WARN_BLOCK_CAPTURE_AUTORELEASING = YES;
				CLANG_WARN_BOOL_CONVERSION = YES;
				CLANG_WARN_COMMA = YES;
				CLANG_WARN_CONSTANT_CONVERSION = YES;
				CLANG_WARN_DEPRECATED_OBJC_IMPLEMENTATIONS = YES;
				CLANG_WARN_DIRECT_OBJC_ISA_USAGE = YES_ERROR;
				CLANG_WARN_DOCUMENTATION_COMMENTS = YES;
				CLANG_WARN_EMPTY_BODY = YES;
				CLANG_WARN_ENUM_CONVERSION = YES;
				CLANG_WARN_INFINITE_RECURSION = YES;
				CLANG_WARN_INT_CONVERSION = YES;
				CLANG_WARN_NON_LITERAL_NULL_CONVERSION = YES;
				CLANG_WARN_OBJC_IMPLICIT_RETAIN_SELF = YES;
				CLANG_WARN_OBJC_LITERAL_CONVERSION = YES;
				CLANG_WARN_OBJC_ROOT_CLASS = YES_ERROR;
				CLANG_WARN_QUOTED_INCLUDE_IN_FRAMEWORK_HEADER = YES;
				CLANG_WARN_RANGE_LOOP_ANALYSIS = YES;
				CLANG_WARN_STRICT_PROTOTYPES = YES;
				CLANG_WARN_SUSPICIOUS_MOVE = YES;
				CLANG_WARN_UNGUARDED_AVAILABILITY = YES_AGGRESSIVE;
				CLANG_WARN_UNREACHABLE_CODE = YES;
				CLANG_WARN__DUPLICATE_METHOD_MATCH = YES;
				COPY_PHASE_STRIP = NO;
				DEBUG_INFORMATION_FORMAT = "dwarf-with-dsym";
				ENABLE_NS_ASSERTIONS = NO;
				ENABLE_STRICT_OBJC_MSGSEND = YES;
				GCC_C_LANGUAGE_STANDARD = gnu11;
				GCC_NO_COMMON_BLOCKS = YES;
				GCC_WARN_64_TO_32_BIT_CONVERSION = YES;
				GCC_WARN_ABOUT_RETURN_TYPE = YES_ERROR;
				GCC_WARN_UNDECLARED_SELECTOR = YES;
				GCC_WARN_UNINITIALIZED_AUTOS = YES_AGGRESSIVE;
				GCC_WARN_UNUSED_FUNCTION = YES;
				GCC_WARN_UNUSED_VARIABLE = YES;
				IPHONEOS_DEPLOYMENT_TARGET = 16.4;
				MTL_ENABLE_DEBUG_INFO = NO;
				MTL_FAST_MATH = YES;
				SDKROOT = iphoneos;
				VALIDATE_PRODUCT = YES;
			};
			name = Release;
		};
		3285C7DA2AE8FAE000CD623E /* Debug */ = {
			isa = XCBuildConfiguration;
			buildSettings = {
				ASSETCATALOG_COMPILER_APPICON_NAME = AppIcon;
				ASSETCATALOG_COMPILER_GLOBAL_ACCENT_COLOR_NAME = AccentColor;
				CODE_SIGN_STYLE = Automatic;
				CURRENT_PROJECT_VERSION = 1;
				GENERATE_INFOPLIST_FILE = YES;
				INFOPLIST_FILE = MyOCApp/Info.plist;
				INFOPLIST_KEY_UIApplicationSupportsIndirectInputEvents = YES;
				INFOPLIST_KEY_UILaunchStoryboardName = LaunchScreen;
				INFOPLIST_KEY_UIMainStoryboardFile = Main;
				INFOPLIST_KEY_UISupportedInterfaceOrientations_iPad = "UIInterfaceOrientationPortrait UIInterfaceOrientationPortraitUpsideDown UIInterfaceOrientationLandscapeLeft UIInterfaceOrientationLandscapeRight";
				INFOPLIST_KEY_UISupportedInterfaceOrientations_iPhone = "UIInterfaceOrientationPortrait UIInterfaceOrientationLandscapeLeft UIInterfaceOrientationLandscapeRight";
				LD_RUNPATH_SEARCH_PATHS = (
					"$(inherited)",
					"@executable_path/Frameworks",
				);
				MARKETING_VERSION = 1.0;
				PRODUCT_BUNDLE_IDENTIFIER = com.fang.MyOCApp;
				PRODUCT_NAME = "$(TARGET_NAME)";
				SWIFT_EMIT_LOC_STRINGS = YES;
				TARGETED_DEVICE_FAMILY = "1,2";
			};
			name = Debug;
		};
		3285C7DB2AE8FAE000CD623E /* Release */ = {
			isa = XCBuildConfiguration;
			buildSettings = {
				ASSETCATALOG_COMPILER_APPICON_NAME = AppIcon;
				ASSETCATALOG_COMPILER_GLOBAL_ACCENT_COLOR_NAME = AccentColor;
				CODE_SIGN_STYLE = Automatic;
				CURRENT_PROJECT_VERSION = 1;
				GENERATE_INFOPLIST_FILE = YES;
				INFOPLIST_FILE = MyOCApp/Info.plist;
				INFOPLIST_KEY_UIApplicationSupportsIndirectInputEvents = YES;
				INFOPLIST_KEY_UILaunchStoryboardName = LaunchScreen;
				INFOPLIST_KEY_UIMainStoryboardFile = Main;
				INFOPLIST_KEY_UISupportedInterfaceOrientations_iPad = "UIInterfaceOrientationPortrait UIInterfaceOrientationPortraitUpsideDown UIInterfaceOrientationLandscapeLeft UIInterfaceOrientationLandscapeRight";
				INFOPLIST_KEY_UISupportedInterfaceOrientations_iPhone = "UIInterfaceOrientationPortrait UIInterfaceOrientationLandscapeLeft UIInterfaceOrientationLandscapeRight";
				LD_RUNPATH_SEARCH_PATHS = (
					"$(inherited)",
					"@executable_path/Frameworks",
				);
				MARKETING_VERSION = 1.0;
				PRODUCT_BUNDLE_IDENTIFIER = com.fang.MyOCApp;
				PRODUCT_NAME = "$(TARGET_NAME)";
				SWIFT_EMIT_LOC_STRINGS = YES;
				TARGETED_DEVICE_FAMILY = "1,2";
			};
			name = Release;
		};
/* End XCBuildConfiguration section */

/* Begin XCConfigurationList section */
		3285C7BB2AE8FADF00CD623E /* Build configuration list for PBXProject "MyOCApp" */ = {
			isa = XCConfigurationList;
			buildConfigurations = (
				3285C7D72AE8FAE000CD623E /* Debug */,
				3285C7D82AE8FAE000CD623E /* Release */,
			);
			defaultConfigurationIsVisible = 0;
			defaultConfigurationName = Release;
		};
		3285C7D92AE8FAE000CD623E /* Build configuration list for PBXNativeTarget "MyOCApp" */ = {
			isa = XCConfigurationList;
			buildConfigurations = (
				3285C7DA2AE8FAE000CD623E /* Debug */,
				3285C7DB2AE8FAE000CD623E /* Release */,
			);
			defaultConfigurationIsVisible = 0;
			defaultConfigurationName = Release;
		};
/* End XCConfigurationList section */
	};
	rootObject = 3285C7B82AE8FADF00CD623E /* Project object */;
}
